
Microsoft Visual Studio Solution File, Format Version 12.00
# Visual Studio Version 16
VisualStudioVersion = 16.0.29102.190
MinimumVisualStudioVersion = 10.0.40219.1
Project("{8BC9CEB8-8B4A-11D0-8D11-00A0C91BC942}") = "Model", "Model\Model.vcxproj", "{B852CB8A-42E8-4953-A077-7780BF71E3D3}"
EndProject
Project("{8BC9CEB8-8B4A-11D0-8D11-00A0C91BC942}") = "Cell", "Cell\Cell.vcxproj", "{8C40F158-47B8-4D91-A4B9-C71DD9CEBFCF}"
	ProjectSection(ProjectDependencies) = postProject
		{59AF8C4A-AF7B-4F7D-A015-1394A1CC2AC5} = {59AF8C4A-AF7B-4F7D-A015-1394A1CC2AC5}
		{B852CB8A-42E8-4953-A077-7780BF71E3D3} = {B852CB8A-42E8-4953-A077-7780BF71E3D3}
		{A57203AD-0AA2-4D1E-8FBC-35D3F7A44844} = {A57203AD-0AA2-4D1E-8FBC-35D3F7A44844}
		{652838B8-67F8-43D0-9C4E-0E154548AC4D} = {652838B8-67F8-43D0-9C4E-0E154548AC4D}
	EndProjectSection
EndProject
Project("{8BC9CEB8-8B4A-11D0-8D11-00A0C91BC942}") = "RNA", "RNA\RNA.vcxproj", "{5659A317-260E-46F8-84EE-1F59EEB50F4E}"
EndProject
Project("{8BC9CEB8-8B4A-11D0-8D11-00A0C91BC942}") = "ConsoleApp", "ConsoleApp\ConsoleApp.vcxproj", "{C9AE1A5F-1039-483F-8124-0FEE871A9FD0}"
EndProject
Project("{8BC9CEB8-8B4A-11D0-8D11-00A0C91BC942}") = "mtDNA", "mtDNA\mtDNA.vcxproj", "{652838B8-67F8-43D0-9C4E-0E154548AC4D}"
EndProject
Project("{8BC9CEB8-8B4A-11D0-8D11-00A0C91BC942}") = "Chromosome", "Chromosome\Chromosome.vcxproj", "{A57203AD-0AA2-4D1E-8FBC-35D3F7A44844}"
	ProjectSection(ProjectDependencies) = postProject
		{F407E23A-2CE3-403D-A1DE-2BD59EC609DA} = {F407E23A-2CE3-403D-A1DE-2BD59EC609DA}
		{59AF8C4A-AF7B-4F7D-A015-1394A1CC2AC5} = {59AF8C4A-AF7B-4F7D-A015-1394A1CC2AC5}
	EndProjectSection
EndProject
Project("{8BC9CEB8-8B4A-11D0-8D11-00A0C91BC942}") = "mRNA", "mRNA\mRNA.vcxproj", "{59AF8C4A-AF7B-4F7D-A015-1394A1CC2AC5}"
	ProjectSection(ProjectDependencies) = postProject
		{5659A317-260E-46F8-84EE-1F59EEB50F4E} = {5659A317-260E-46F8-84EE-1F59EEB50F4E}
	EndProjectSection
EndProject
Project("{8BC9CEB8-8B4A-11D0-8D11-00A0C91BC942}") = "DNA", "DNA\DNA.vcxproj", "{F407E23A-2CE3-403D-A1DE-2BD59EC609DA}"
	ProjectSection(ProjectDependencies) = postProject
		{4ABAE262-C558-42E4-AC28-928FF636235F} = {4ABAE262-C558-42E4-AC28-928FF636235F}
		{811F3177-D0BA-4425-9D28-045995D9833E} = {811F3177-D0BA-4425-9D28-045995D9833E}
	EndProjectSection
EndProject
Project("{8BC9CEB8-8B4A-11D0-8D11-00A0C91BC942}") = "StateMachine", "StateMachine\StateMachine.vcxproj", "{4ABAE262-C558-42E4-AC28-928FF636235F}"
EndProject
Project("{8BC9CEB8-8B4A-11D0-8D11-00A0C91BC942}") = "XMLParser", "StateMachine\XMLParser.vcxproj", "{811F3177-D0BA-4425-9D28-045995D9833E}"
EndProject
Project("{8BC9CEB8-8B4A-11D0-8D11-00A0C91BC942}") = "Websocket", "Websocket\Websocket.vcxproj", "{BDB5CCC8-688A-4929-A602-390B83D7E2F2}"
	ProjectSection(ProjectDependencies) = postProject
		{5659A317-260E-46F8-84EE-1F59EEB50F4E} = {5659A317-260E-46F8-84EE-1F59EEB50F4E}
	EndProjectSection
EndProject
Project("{8BC9CEB8-8B4A-11D0-8D11-00A0C91BC942}") = "Webservice", "Webservice\Webservice.vcxproj", "{0FE134B1-4819-4CE6-97B9-15271C608AB4}"
EndProject
Global
	GlobalSection(SolutionConfigurationPlatforms) = preSolution
		Debug|x64 = Debug|x64
		Debug|x86 = Debug|x86
		Release|x64 = Release|x64
		Release|x86 = Release|x86
		StaticDebug|x64 = StaticDebug|x64
		StaticDebug|x86 = StaticDebug|x86
	EndGlobalSection
	GlobalSection(ProjectConfigurationPlatforms) = postSolution
		{B852CB8A-42E8-4953-A077-7780BF71E3D3}.Debug|x64.ActiveCfg = Debug|x64
		{B852CB8A-42E8-4953-A077-7780BF71E3D3}.Debug|x64.Build.0 = Debug|x64
		{B852CB8A-42E8-4953-A077-7780BF71E3D3}.Debug|x86.ActiveCfg = Debug|Win32
		{B852CB8A-42E8-4953-A077-7780BF71E3D3}.Debug|x86.Build.0 = Debug|Win32
		{B852CB8A-42E8-4953-A077-7780BF71E3D3}.Release|x64.ActiveCfg = Release|x64
		{B852CB8A-42E8-4953-A077-7780BF71E3D3}.Release|x64.Build.0 = Release|x64
		{B852CB8A-42E8-4953-A077-7780BF71E3D3}.Release|x86.ActiveCfg = Release|Win32
		{B852CB8A-42E8-4953-A077-7780BF71E3D3}.Release|x86.Build.0 = Release|Win32
		{B852CB8A-42E8-4953-A077-7780BF71E3D3}.StaticDebug|x64.ActiveCfg = StaticDebug|x64
		{B852CB8A-42E8-4953-A077-7780BF71E3D3}.StaticDebug|x64.Build.0 = StaticDebug|x64
		{B852CB8A-42E8-4953-A077-7780BF71E3D3}.StaticDebug|x86.ActiveCfg = Debug|Win32
		{B852CB8A-42E8-4953-A077-7780BF71E3D3}.StaticDebug|x86.Build.0 = Debug|Win32
		{8C40F158-47B8-4D91-A4B9-C71DD9CEBFCF}.Debug|x64.ActiveCfg = Debug|x64
		{8C40F158-47B8-4D91-A4B9-C71DD9CEBFCF}.Debug|x64.Build.0 = Debug|x64
		{8C40F158-47B8-4D91-A4B9-C71DD9CEBFCF}.Debug|x86.ActiveCfg = Debug|Win32
		{8C40F158-47B8-4D91-A4B9-C71DD9CEBFCF}.Debug|x86.Build.0 = Debug|Win32
		{8C40F158-47B8-4D91-A4B9-C71DD9CEBFCF}.Release|x64.ActiveCfg = Release|x64
		{8C40F158-47B8-4D91-A4B9-C71DD9CEBFCF}.Release|x64.Build.0 = Release|x64
		{8C40F158-47B8-4D91-A4B9-C71DD9CEBFCF}.Release|x86.ActiveCfg = Release|Win32
		{8C40F158-47B8-4D91-A4B9-C71DD9CEBFCF}.Release|x86.Build.0 = Release|Win32
		{8C40F158-47B8-4D91-A4B9-C71DD9CEBFCF}.StaticDebug|x64.ActiveCfg = StaticDebug|x64
		{8C40F158-47B8-4D91-A4B9-C71DD9CEBFCF}.StaticDebug|x64.Build.0 = StaticDebug|x64
		{8C40F158-47B8-4D91-A4B9-C71DD9CEBFCF}.StaticDebug|x86.ActiveCfg = StaticDebug|Win32
		{8C40F158-47B8-4D91-A4B9-C71DD9CEBFCF}.StaticDebug|x86.Build.0 = StaticDebug|Win32
		{5659A317-260E-46F8-84EE-1F59EEB50F4E}.Debug|x64.ActiveCfg = Debug|x64
		{5659A317-260E-46F8-84EE-1F59EEB50F4E}.Debug|x64.Build.0 = Debug|x64
		{5659A317-260E-46F8-84EE-1F59EEB50F4E}.Debug|x86.ActiveCfg = Debug|Win32
		{5659A317-260E-46F8-84EE-1F59EEB50F4E}.Debug|x86.Build.0 = Debug|Win32
		{5659A317-260E-46F8-84EE-1F59EEB50F4E}.Release|x64.ActiveCfg = Release|x64
		{5659A317-260E-46F8-84EE-1F59EEB50F4E}.Release|x64.Build.0 = Release|x64
		{5659A317-260E-46F8-84EE-1F59EEB50F4E}.Release|x86.ActiveCfg = Release|Win32
		{5659A317-260E-46F8-84EE-1F59EEB50F4E}.Release|x86.Build.0 = Release|Win32
		{5659A317-260E-46F8-84EE-1F59EEB50F4E}.StaticDebug|x64.ActiveCfg = StaticDebug|x64
		{5659A317-260E-46F8-84EE-1F59EEB50F4E}.StaticDebug|x64.Build.0 = StaticDebug|x64
		{5659A317-260E-46F8-84EE-1F59EEB50F4E}.StaticDebug|x86.ActiveCfg = Debug|Win32
		{5659A317-260E-46F8-84EE-1F59EEB50F4E}.StaticDebug|x86.Build.0 = Debug|Win32
		{C9AE1A5F-1039-483F-8124-0FEE871A9FD0}.Debug|x64.ActiveCfg = Debug|x64
		{C9AE1A5F-1039-483F-8124-0FEE871A9FD0}.Debug|x64.Build.0 = Debug|x64
		{C9AE1A5F-1039-483F-8124-0FEE871A9FD0}.Debug|x86.ActiveCfg = Debug|Win32
		{C9AE1A5F-1039-483F-8124-0FEE871A9FD0}.Debug|x86.Build.0 = Debug|Win32
		{C9AE1A5F-1039-483F-8124-0FEE871A9FD0}.Release|x64.ActiveCfg = Release|x64
		{C9AE1A5F-1039-483F-8124-0FEE871A9FD0}.Release|x64.Build.0 = Release|x64
		{C9AE1A5F-1039-483F-8124-0FEE871A9FD0}.Release|x86.ActiveCfg = Release|Win32
		{C9AE1A5F-1039-483F-8124-0FEE871A9FD0}.Release|x86.Build.0 = Release|Win32
		{C9AE1A5F-1039-483F-8124-0FEE871A9FD0}.StaticDebug|x64.ActiveCfg = StaticDebug|x64
		{C9AE1A5F-1039-483F-8124-0FEE871A9FD0}.StaticDebug|x64.Build.0 = StaticDebug|x64
		{C9AE1A5F-1039-483F-8124-0FEE871A9FD0}.StaticDebug|x86.ActiveCfg = Debug|Win32
		{C9AE1A5F-1039-483F-8124-0FEE871A9FD0}.StaticDebug|x86.Build.0 = Debug|Win32
		{652838B8-67F8-43D0-9C4E-0E154548AC4D}.Debug|x64.ActiveCfg = Debug|x64
		{652838B8-67F8-43D0-9C4E-0E154548AC4D}.Debug|x64.Build.0 = Debug|x64
		{652838B8-67F8-43D0-9C4E-0E154548AC4D}.Debug|x86.ActiveCfg = Debug|Win32
		{652838B8-67F8-43D0-9C4E-0E154548AC4D}.Debug|x86.Build.0 = Debug|Win32
		{652838B8-67F8-43D0-9C4E-0E154548AC4D}.Release|x64.ActiveCfg = Release|x64
		{652838B8-67F8-43D0-9C4E-0E154548AC4D}.Release|x64.Build.0 = Release|x64
		{652838B8-67F8-43D0-9C4E-0E154548AC4D}.Release|x86.ActiveCfg = Release|Win32
		{652838B8-67F8-43D0-9C4E-0E154548AC4D}.Release|x86.Build.0 = Release|Win32
		{652838B8-67F8-43D0-9C4E-0E154548AC4D}.StaticDebug|x64.ActiveCfg = StaticDebug|x64
		{652838B8-67F8-43D0-9C4E-0E154548AC4D}.StaticDebug|x64.Build.0 = StaticDebug|x64
		{652838B8-67F8-43D0-9C4E-0E154548AC4D}.StaticDebug|x86.ActiveCfg = Debug|Win32
		{652838B8-67F8-43D0-9C4E-0E154548AC4D}.StaticDebug|x86.Build.0 = Debug|Win32
		{A57203AD-0AA2-4D1E-8FBC-35D3F7A44844}.Debug|x64.ActiveCfg = Debug|x64
		{A57203AD-0AA2-4D1E-8FBC-35D3F7A44844}.Debug|x64.Build.0 = Debug|x64
		{A57203AD-0AA2-4D1E-8FBC-35D3F7A44844}.Debug|x86.ActiveCfg = Debug|Win32
		{A57203AD-0AA2-4D1E-8FBC-35D3F7A44844}.Debug|x86.Build.0 = Debug|Win32
		{A57203AD-0AA2-4D1E-8FBC-35D3F7A44844}.Release|x64.ActiveCfg = Release|x64
		{A57203AD-0AA2-4D1E-8FBC-35D3F7A44844}.Release|x64.Build.0 = Release|x64
		{A57203AD-0AA2-4D1E-8FBC-35D3F7A44844}.Release|x86.ActiveCfg = Release|Win32
		{A57203AD-0AA2-4D1E-8FBC-35D3F7A44844}.Release|x86.Build.0 = Release|Win32
		{A57203AD-0AA2-4D1E-8FBC-35D3F7A44844}.StaticDebug|x64.ActiveCfg = StaticDebug|x64
		{A57203AD-0AA2-4D1E-8FBC-35D3F7A44844}.StaticDebug|x64.Build.0 = StaticDebug|x64
		{A57203AD-0AA2-4D1E-8FBC-35D3F7A44844}.StaticDebug|x86.ActiveCfg = StaticDebug|Win32
		{A57203AD-0AA2-4D1E-8FBC-35D3F7A44844}.StaticDebug|x86.Build.0 = StaticDebug|Win32
		{59AF8C4A-AF7B-4F7D-A015-1394A1CC2AC5}.Debug|x64.ActiveCfg = Debug|x64
		{59AF8C4A-AF7B-4F7D-A015-1394A1CC2AC5}.Debug|x64.Build.0 = Debug|x64
		{59AF8C4A-AF7B-4F7D-A015-1394A1CC2AC5}.Debug|x86.ActiveCfg = Debug|Win32
		{59AF8C4A-AF7B-4F7D-A015-1394A1CC2AC5}.Debug|x86.Build.0 = Debug|Win32
		{59AF8C4A-AF7B-4F7D-A015-1394A1CC2AC5}.Release|x64.ActiveCfg = Release|x64
		{59AF8C4A-AF7B-4F7D-A015-1394A1CC2AC5}.Release|x64.Build.0 = Release|x64
		{59AF8C4A-AF7B-4F7D-A015-1394A1CC2AC5}.Release|x86.ActiveCfg = Release|Win32
		{59AF8C4A-AF7B-4F7D-A015-1394A1CC2AC5}.Release|x86.Build.0 = Release|Win32
		{59AF8C4A-AF7B-4F7D-A015-1394A1CC2AC5}.StaticDebug|x64.ActiveCfg = StaticDebug|x64
		{59AF8C4A-AF7B-4F7D-A015-1394A1CC2AC5}.StaticDebug|x64.Build.0 = StaticDebug|x64
		{59AF8C4A-AF7B-4F7D-A015-1394A1CC2AC5}.StaticDebug|x86.ActiveCfg = StaticDebug|Win32
		{59AF8C4A-AF7B-4F7D-A015-1394A1CC2AC5}.StaticDebug|x86.Build.0 = StaticDebug|Win32
		{F407E23A-2CE3-403D-A1DE-2BD59EC609DA}.Debug|x64.ActiveCfg = Debug|x64
		{F407E23A-2CE3-403D-A1DE-2BD59EC609DA}.Debug|x64.Build.0 = Debug|x64
		{F407E23A-2CE3-403D-A1DE-2BD59EC609DA}.Debug|x86.ActiveCfg = Debug|Win32
		{F407E23A-2CE3-403D-A1DE-2BD59EC609DA}.Debug|x86.Build.0 = Debug|Win32
		{F407E23A-2CE3-403D-A1DE-2BD59EC609DA}.Release|x64.ActiveCfg = Release|x64
		{F407E23A-2CE3-403D-A1DE-2BD59EC609DA}.Release|x64.Build.0 = Release|x64
		{F407E23A-2CE3-403D-A1DE-2BD59EC609DA}.Release|x86.ActiveCfg = Release|Win32
		{F407E23A-2CE3-403D-A1DE-2BD59EC609DA}.Release|x86.Build.0 = Release|Win32
		{F407E23A-2CE3-403D-A1DE-2BD59EC609DA}.StaticDebug|x64.ActiveCfg = StaticDebug|x64
		{F407E23A-2CE3-403D-A1DE-2BD59EC609DA}.StaticDebug|x64.Build.0 = StaticDebug|x64
		{F407E23A-2CE3-403D-A1DE-2BD59EC609DA}.StaticDebug|x86.ActiveCfg = StaticDebug|Win32
		{F407E23A-2CE3-403D-A1DE-2BD59EC609DA}.StaticDebug|x86.Build.0 = StaticDebug|Win32
		{4ABAE262-C558-42E4-AC28-928FF636235F}.Debug|x64.ActiveCfg = Debug|x64
		{4ABAE262-C558-42E4-AC28-928FF636235F}.Debug|x64.Build.0 = Debug|x64
		{4ABAE262-C558-42E4-AC28-928FF636235F}.Debug|x86.ActiveCfg = Debug|Win32
		{4ABAE262-C558-42E4-AC28-928FF636235F}.Debug|x86.Build.0 = Debug|Win32
		{4ABAE262-C558-42E4-AC28-928FF636235F}.Release|x64.ActiveCfg = Release|x64
		{4ABAE262-C558-42E4-AC28-928FF636235F}.Release|x64.Build.0 = Release|x64
		{4ABAE262-C558-42E4-AC28-928FF636235F}.Release|x86.ActiveCfg = Release|Win32
		{4ABAE262-C558-42E4-AC28-928FF636235F}.Release|x86.Build.0 = Release|Win32
		{4ABAE262-C558-42E4-AC28-928FF636235F}.StaticDebug|x64.ActiveCfg = StaticDebug|x64
		{4ABAE262-C558-42E4-AC28-928FF636235F}.StaticDebug|x64.Build.0 = StaticDebug|x64
		{4ABAE262-C558-42E4-AC28-928FF636235F}.StaticDebug|x86.ActiveCfg = Debug|Win32
		{4ABAE262-C558-42E4-AC28-928FF636235F}.StaticDebug|x86.Build.0 = Debug|Win32
		{811F3177-D0BA-4425-9D28-045995D9833E}.Debug|x64.ActiveCfg = Debug|x64
		{811F3177-D0BA-4425-9D28-045995D9833E}.Debug|x64.Build.0 = Debug|x64
		{811F3177-D0BA-4425-9D28-045995D9833E}.Debug|x86.ActiveCfg = Debug|Win32
		{811F3177-D0BA-4425-9D28-045995D9833E}.Debug|x86.Build.0 = Debug|Win32
		{811F3177-D0BA-4425-9D28-045995D9833E}.Release|x64.ActiveCfg = Release|x64
		{811F3177-D0BA-4425-9D28-045995D9833E}.Release|x64.Build.0 = Release|x64
		{811F3177-D0BA-4425-9D28-045995D9833E}.Release|x86.ActiveCfg = Release|Win32
		{811F3177-D0BA-4425-9D28-045995D9833E}.Release|x86.Build.0 = Release|Win32
		{811F3177-D0BA-4425-9D28-045995D9833E}.StaticDebug|x64.ActiveCfg = StaticDebug|x64
		{811F3177-D0BA-4425-9D28-045995D9833E}.StaticDebug|x64.Build.0 = StaticDebug|x64
		{811F3177-D0BA-4425-9D28-045995D9833E}.StaticDebug|x86.ActiveCfg = Debug|Win32
		{811F3177-D0BA-4425-9D28-045995D9833E}.StaticDebug|x86.Build.0 = Debug|Win32
		{BDB5CCC8-688A-4929-A602-390B83D7E2F2}.Debug|x64.ActiveCfg = Debug|x64
		{BDB5CCC8-688A-4929-A602-390B83D7E2F2}.Debug|x64.Build.0 = Debug|x64
		{BDB5CCC8-688A-4929-A602-390B83D7E2F2}.Debug|x86.ActiveCfg = Debug|Win32
		{BDB5CCC8-688A-4929-A602-390B83D7E2F2}.Debug|x86.Build.0 = Debug|Win32
		{BDB5CCC8-688A-4929-A602-390B83D7E2F2}.Release|x64.ActiveCfg = Release|x64
		{BDB5CCC8-688A-4929-A602-390B83D7E2F2}.Release|x64.Build.0 = Release|x64
		{BDB5CCC8-688A-4929-A602-390B83D7E2F2}.Release|x86.ActiveCfg = Release|Win32
		{BDB5CCC8-688A-4929-A602-390B83D7E2F2}.Release|x86.Build.0 = Release|Win32
		{BDB5CCC8-688A-4929-A602-390B83D7E2F2}.StaticDebug|x64.ActiveCfg = StaticDebug|x64
		{BDB5CCC8-688A-4929-A602-390B83D7E2F2}.StaticDebug|x64.Build.0 = StaticDebug|x64
		{BDB5CCC8-688A-4929-A602-390B83D7E2F2}.StaticDebug|x86.ActiveCfg = Debug|Win32
		{BDB5CCC8-688A-4929-A602-390B83D7E2F2}.StaticDebug|x86.Build.0 = Debug|Win32
		{0FE134B1-4819-4CE6-97B9-15271C608AB4}.Debug|x64.ActiveCfg = Debug|x64
		{0FE134B1-4819-4CE6-97B9-15271C608AB4}.Debug|x64.Build.0 = Debug|x64
		{0FE134B1-4819-4CE6-97B9-15271C608AB4}.Debug|x86.ActiveCfg = Debug|Win32
		{0FE134B1-4819-4CE6-97B9-15271C608AB4}.Debug|x86.Build.0 = Debug|Win32
		{0FE134B1-4819-4CE6-97B9-15271C608AB4}.Release|x64.ActiveCfg = Release|x64
		{0FE134B1-4819-4CE6-97B9-15271C608AB4}.Release|x64.Build.0 = Release|x64
		{0FE134B1-4819-4CE6-97B9-15271C608AB4}.Release|x86.ActiveCfg = Release|Win32
		{0FE134B1-4819-4CE6-97B9-15271C608AB4}.Release|x86.Build.0 = Release|Win32
		{0FE134B1-4819-4CE6-97B9-15271C608AB4}.StaticDebug|x64.ActiveCfg = StaticDebug|x64
		{0FE134B1-4819-4CE6-97B9-15271C608AB4}.StaticDebug|x64.Build.0 = StaticDebug|x64
		{0FE134B1-4819-4CE6-97B9-15271C608AB4}.StaticDebug|x86.ActiveCfg = StaticDebug|Win32
		{0FE134B1-4819-4CE6-97B9-15271C608AB4}.StaticDebug|x86.Build.0 = StaticDebug|Win32
	EndGlobalSection
	GlobalSection(SolutionProperties) = preSolution
		HideSolutionNode = FALSE
	EndGlobalSection
	GlobalSection(ExtensibilityGlobals) = postSolution
		SolutionGuid = {20523BC7-A8C4-4462-BA11-D6DC146AE4AC}
	EndGlobalSection
EndGlobal
